<Solution>
  <Folder Name="/samples/">
    <Project Path="samples/SampleApp/SampleApp.csproj" />
    <Project Path="samples/MultiTenantSample/MultiTenantSample.csproj" />
  </Folder>
  <Folder Name="/src/">
    <Project Path="src/PS.AppPlatform.Functions/PS.AppPlatform.Functions.csproj" />
    <Project Path="src/PS.AppPlatform/PS.AppPlatform.csproj" />
  </Folder>
  <Folder Name="/tests/">
    <Project Path="tests/PS.AppPlatform.Tests/PS.AppPlatform.Tests.csproj" />
  </Folder>
</Solution>

